
Microsoft Visual Studio Solution File, Format Version 12.00
Project("{FAE04EC0-301F-11D3-BF4B-00C04F79EFBC}") = "Sekmen.StaticSiteGenerator", "Sekmen.StaticSiteGenerator\Sekmen.StaticSiteGenerator.csproj", "{A28F64EF-4273-4659-8EE4-05850012FFF3}"
EndProject
Project("{FAE04EC0-301F-11D3-BF4B-00C04F79EFBC}") = "UmbracoTestProject", "UmbracoTestProject\UmbracoTestProject.csproj", "{141CE48E-3B76-4C9F-B417-59C9E04BB162}"
EndProject
Project("{2150E333-8FDC-42A3-9474-1A3956D46DE8}") = "SolutionFolder", "SolutionFolder", "{9814D04D-0EED-43A4-AE1B-5D640B1C24C7}"
	ProjectSection(SolutionItems) = preProject
		.gitignore = .gitignore
		Readme.md = Readme.md
		Directory.Packages.props = Directory.Packages.props
	EndProjectSection
EndProject
Project("{FAE04EC0-301F-11D3-BF4B-00C04F79EFBC}") = "Umbraco.Community.HtmlExporter", "Umbraco.Community.HtmlExporter\Umbraco.Community.HtmlExporter.csproj", "{6A36A1AD-ED1E-4C0B-915D-4496EA1F614E}"
EndProject
Global
	GlobalSection(SolutionConfigurationPlatforms) = preSolution
		Debug|Any CPU = Debug|Any CPU
		Release|Any CPU = Release|Any CPU
	EndGlobalSection
	GlobalSection(ProjectConfigurationPlatforms) = postSolution
		{A28F64EF-4273-4659-8EE4-05850012FFF3}.Debug|Any CPU.ActiveCfg = Debug|Any CPU
		{A28F64EF-4273-4659-8EE4-05850012FFF3}.Debug|Any CPU.Build.0 = Debug|Any CPU
		{A28F64EF-4273-4659-8EE4-05850012FFF3}.Release|Any CPU.ActiveCfg = Release|Any CPU
		{A28F64EF-4273-4659-8EE4-05850012FFF3}.Release|Any CPU.Build.0 = Release|Any CPU
		{141CE48E-3B76-4C9F-B417-59C9E04BB162}.Debug|Any CPU.ActiveCfg = Debug|Any CPU
		{141CE48E-3B76-4C9F-B417-59C9E04BB162}.Debug|Any CPU.Build.0 = Debug|Any CPU
		{141CE48E-3B76-4C9F-B417-59C9E04BB162}.Release|Any CPU.ActiveCfg = Release|Any CPU
		{141CE48E-3B76-4C9F-B417-59C9E04BB162}.Release|Any CPU.Build.0 = Release|Any CPU
		{6A36A1AD-ED1E-4C0B-915D-4496EA1F614E}.Debug|Any CPU.ActiveCfg = Debug|Any CPU
		{6A36A1AD-ED1E-4C0B-915D-4496EA1F614E}.Debug|Any CPU.Build.0 = Debug|Any CPU
		{6A36A1AD-ED1E-4C0B-915D-4496EA1F614E}.Release|Any CPU.ActiveCfg = Release|Any CPU
		{6A36A1AD-ED1E-4C0B-915D-4496EA1F614E}.Release|Any CPU.Build.0 = Release|Any CPU
	EndGlobalSection
EndGlobal
